
Microsoft Visual Studio Solution File, Format Version 12.00
# Visual Studio 15
VisualStudioVersion = 15.0.27004.2002
MinimumVisualStudioVersion = 10.0.40219.1
Project("{FAE04EC0-301F-11D3-BF4B-00C04F79EFBC}") = "CoolBreeze.Android", "CoolBreeze\CoolBreeze.Android\CoolBreeze.Android.csproj", "{6059C1A8-7E6A-4100-AB37-A5DF96CABD8E}"
EndProject
Project("{FAE04EC0-301F-11D3-BF4B-00C04F79EFBC}") = "CoolBreeze", "CoolBreeze\CoolBreeze\CoolBreeze.csproj", "{97DDA459-FDD6-4DCB-838A-3ADED26E93FC}"
EndProject
Project("{FAE04EC0-301F-11D3-BF4B-00C04F79EFBC}") = "CoolBreeze.UWP", "CoolBreeze\CoolBreeze.UWP\CoolBreeze.UWP.csproj", "{24F258F4-CDF6-47EF-B029-4073FABA18D2}"
EndProject
Project("{FAE04EC0-301F-11D3-BF4B-00C04F79EFBC}") = "CoolBreeze.iOS", "CoolBreeze\CoolBreeze.iOS\CoolBreeze.iOS.csproj", "{85B7BF1F-4C51-4BFC-86F2-02D21C53A055}"
EndProject
Global
	GlobalSection(SolutionConfigurationPlatforms) = preSolution
		Ad-Hoc|Any CPU = Ad-Hoc|Any CPU
		Ad-Hoc|ARM = Ad-Hoc|ARM
		Ad-Hoc|iPhone = Ad-Hoc|iPhone
		Ad-Hoc|iPhoneSimulator = Ad-Hoc|iPhoneSimulator
		Ad-Hoc|x64 = Ad-Hoc|x64
		Ad-Hoc|x86 = Ad-Hoc|x86
		AppStore|Any CPU = AppStore|Any CPU
		AppStore|ARM = AppStore|ARM
		AppStore|iPhone = AppStore|iPhone
		AppStore|iPhoneSimulator = AppStore|iPhoneSimulator
		AppStore|x64 = AppStore|x64
		AppStore|x86 = AppStore|x86
		Debug|Any CPU = Debug|Any CPU
		Debug|ARM = Debug|ARM
		Debug|iPhone = Debug|iPhone
		Debug|iPhoneSimulator = Debug|iPhoneSimulator
		Debug|x64 = Debug|x64
		Debug|x86 = Debug|x86
		Release|Any CPU = Release|Any CPU
		Release|ARM = Release|ARM
		Release|iPhone = Release|iPhone
		Release|iPhoneSimulator = Release|iPhoneSimulator
		Release|x64 = Release|x64
		Release|x86 = Release|x86
	EndGlobalSection
	GlobalSection(ProjectConfigurationPlatforms) = postSolution
		{6059C1A8-7E6A-4100-AB37-A5DF96CABD8E}.Ad-Hoc|Any CPU.ActiveCfg = Release|Any CPU
		{6059C1A8-7E6A-4100-AB37-A5DF96CABD8E}.Ad-Hoc|Any CPU.Build.0 = Release|Any CPU
		{6059C1A8-7E6A-4100-AB37-A5DF96CABD8E}.Ad-Hoc|Any CPU.Deploy.0 = Release|Any CPU
		{6059C1A8-7E6A-4100-AB37-A5DF96CABD8E}.Ad-Hoc|ARM.ActiveCfg = Release|Any CPU
		{6059C1A8-7E6A-4100-AB37-A5DF96CABD8E}.Ad-Hoc|ARM.Build.0 = Release|Any CPU
		{6059C1A8-7E6A-4100-AB37-A5DF96CABD8E}.Ad-Hoc|ARM.Deploy.0 = Release|Any CPU
		{6059C1A8-7E6A-4100-AB37-A5DF96CABD8E}.Ad-Hoc|iPhone.ActiveCfg = Release|Any CPU
		{6059C1A8-7E6A-4100-AB37-A5DF96CABD8E}.Ad-Hoc|iPhone.Build.0 = Release|Any CPU
		{6059C1A8-7E6A-4100-AB37-A5DF96CABD8E}.Ad-Hoc|iPhone.Deploy.0 = Release|Any CPU
		{6059C1A8-7E6A-4100-AB37-A5DF96CABD8E}.Ad-Hoc|iPhoneSimulator.ActiveCfg = Release|Any CPU
		{6059C1A8-7E6A-4100-AB37-A5DF96CABD8E}.Ad-Hoc|iPhoneSimulator.Build.0 = Release|Any CPU
		{6059C1A8-7E6A-4100-AB37-A5DF96CABD8E}.Ad-Hoc|iPhoneSimulator.Deploy.0 = Release|Any CPU
		{6059C1A8-7E6A-4100-AB37-A5DF96CABD8E}.Ad-Hoc|x64.ActiveCfg = Release|Any CPU
		{6059C1A8-7E6A-4100-AB37-A5DF96CABD8E}.Ad-Hoc|x64.Build.0 = Release|Any CPU
		{6059C1A8-7E6A-4100-AB37-A5DF96CABD8E}.Ad-Hoc|x64.Deploy.0 = Release|Any CPU
		{6059C1A8-7E6A-4100-AB37-A5DF96CABD8E}.Ad-Hoc|x86.ActiveCfg = Release|Any CPU
		{6059C1A8-7E6A-4100-AB37-A5DF96CABD8E}.Ad-Hoc|x86.Build.0 = Release|Any CPU
		{6059C1A8-7E6A-4100-AB37-A5DF96CABD8E}.Ad-Hoc|x86.Deploy.0 = Release|Any CPU
		{6059C1A8-7E6A-4100-AB37-A5DF96CABD8E}.AppStore|Any CPU.ActiveCfg = Release|Any CPU
		{6059C1A8-7E6A-4100-AB37-A5DF96CABD8E}.AppStore|Any CPU.Build.0 = Release|Any CPU
		{6059C1A8-7E6A-4100-AB37-A5DF96CABD8E}.AppStore|Any CPU.Deploy.0 = Release|Any CPU
		{6059C1A8-7E6A-4100-AB37-A5DF96CABD8E}.AppStore|ARM.ActiveCfg = Release|Any CPU
		{6059C1A8-7E6A-4100-AB37-A5DF96CABD8E}.AppStore|ARM.Build.0 = Release|Any CPU
		{6059C1A8-7E6A-4100-AB37-A5DF96CABD8E}.AppStore|ARM.Deploy.0 = Release|Any CPU
		{6059C1A8-7E6A-4100-AB37-A5DF96CABD8E}.AppStore|iPhone.ActiveCfg = Release|Any CPU
		{6059C1A8-7E6A-4100-AB37-A5DF96CABD8E}.AppStore|iPhone.Build.0 = Release|Any CPU
		{6059C1A8-7E6A-4100-AB37-A5DF96CABD8E}.AppStore|iPhone.Deploy.0 = Release|Any CPU
		{6059C1A8-7E6A-4100-AB37-A5DF96CABD8E}.AppStore|iPhoneSimulator.ActiveCfg = Release|Any CPU
		{6059C1A8-7E6A-4100-AB37-A5DF96CABD8E}.AppStore|iPhoneSimulator.Build.0 = Release|Any CPU
		{6059C1A8-7E6A-4100-AB37-A5DF96CABD8E}.AppStore|iPhoneSimulator.Deploy.0 = Release|Any CPU
		{6059C1A8-7E6A-4100-AB37-A5DF96CABD8E}.AppStore|x64.ActiveCfg = Release|Any CPU
		{6059C1A8-7E6A-4100-AB37-A5DF96CABD8E}.AppStore|x64.Build.0 = Release|Any CPU
		{6059C1A8-7E6A-4100-AB37-A5DF96CABD8E}.AppStore|x64.Deploy.0 = Release|Any CPU
		{6059C1A8-7E6A-4100-AB37-A5DF96CABD8E}.AppStore|x86.ActiveCfg = Release|Any CPU
		{6059C1A8-7E6A-4100-AB37-A5DF96CABD8E}.AppStore|x86.Build.0 = Release|Any CPU
		{6059C1A8-7E6A-4100-AB37-A5DF96CABD8E}.AppStore|x86.Deploy.0 = Release|Any CPU
		{6059C1A8-7E6A-4100-AB37-A5DF96CABD8E}.Debug|Any CPU.ActiveCfg = Debug|Any CPU
		{6059C1A8-7E6A-4100-AB37-A5DF96CABD8E}.Debug|Any CPU.Build.0 = Debug|Any CPU
		{6059C1A8-7E6A-4100-AB37-A5DF96CABD8E}.Debug|Any CPU.Deploy.0 = Debug|Any CPU
		{6059C1A8-7E6A-4100-AB37-A5DF96CABD8E}.Debug|ARM.ActiveCfg = Debug|Any CPU
		{6059C1A8-7E6A-4100-AB37-A5DF96CABD8E}.Debug|ARM.Build.0 = Debug|Any CPU
		{6059C1A8-7E6A-4100-AB37-A5DF96CABD8E}.Debug|ARM.Deploy.0 = Debug|Any CPU
		{6059C1A8-7E6A-4100-AB37-A5DF96CABD8E}.Debug|iPhone.ActiveCfg = Debug|Any CPU
		{6059C1A8-7E6A-4100-AB37-A5DF96CABD8E}.Debug|iPhone.Build.0 = Debug|Any CPU
		{6059C1A8-7E6A-4100-AB37-A5DF96CABD8E}.Debug|iPhone.Deploy.0 = Debug|Any CPU
		{6059C1A8-7E6A-4100-AB37-A5DF96CABD8E}.Debug|iPhoneSimulator.ActiveCfg = Debug|Any CPU
		{6059C1A8-7E6A-4100-AB37-A5DF96CABD8E}.Debug|iPhoneSimulator.Build.0 = Debug|Any CPU
		{6059C1A8-7E6A-4100-AB37-A5DF96CABD8E}.Debug|iPhoneSimulator.Deploy.0 = Debug|Any CPU
		{6059C1A8-7E6A-4100-AB37-A5DF96CABD8E}.Debug|x64.ActiveCfg = Debug|Any CPU
		{6059C1A8-7E6A-4100-AB37-A5DF96CABD8E}.Debug|x64.Build.0 = Debug|Any CPU
		{6059C1A8-7E6A-4100-AB37-A5DF96CABD8E}.Debug|x64.Deploy.0 = Debug|Any CPU
		{6059C1A8-7E6A-4100-AB37-A5DF96CABD8E}.Debug|x86.ActiveCfg = Debug|Any CPU
		{6059C1A8-7E6A-4100-AB37-A5DF96CABD8E}.Debug|x86.Build.0 = Debug|Any CPU
		{6059C1A8-7E6A-4100-AB37-A5DF96CABD8E}.Debug|x86.Deploy.0 = Debug|Any CPU
		{6059C1A8-7E6A-4100-AB37-A5DF96CABD8E}.Release|Any CPU.ActiveCfg = Release|Any CPU
		{6059C1A8-7E6A-4100-AB37-A5DF96CABD8E}.Release|Any CPU.Build.0 = Release|Any CPU
		{6059C1A8-7E6A-4100-AB37-A5DF96CABD8E}.Release|Any CPU.Deploy.0 = Release|Any CPU
		{6059C1A8-7E6A-4100-AB37-A5DF96CABD8E}.Release|ARM.ActiveCfg = Release|Any CPU
		{6059C1A8-7E6A-4100-AB37-A5DF96CABD8E}.Release|ARM.Build.0 = Release|Any CPU
		{6059C1A8-7E6A-4100-AB37-A5DF96CABD8E}.Release|ARM.Deploy.0 = Release|Any CPU
		{6059C1A8-7E6A-4100-AB37-A5DF96CABD8E}.Release|iPhone.ActiveCfg = Release|Any CPU
		{6059C1A8-7E6A-4100-AB37-A5DF96CABD8E}.Release|iPhone.Build.0 = Release|Any CPU
		{6059C1A8-7E6A-4100-AB37-A5DF96CABD8E}.Release|iPhone.Deploy.0 = Release|Any CPU
		{6059C1A8-7E6A-4100-AB37-A5DF96CABD8E}.Release|iPhoneSimulator.ActiveCfg = Release|Any CPU
		{6059C1A8-7E6A-4100-AB37-A5DF96CABD8E}.Release|iPhoneSimulator.Build.0 = Release|Any CPU
		{6059C1A8-7E6A-4100-AB37-A5DF96CABD8E}.Release|iPhoneSimulator.Deploy.0 = Release|Any CPU
		{6059C1A8-7E6A-4100-AB37-A5DF96CABD8E}.Release|x64.ActiveCfg = Release|Any CPU
		{6059C1A8-7E6A-4100-AB37-A5DF96CABD8E}.Release|x64.Build.0 = Release|Any CPU
		{6059C1A8-7E6A-4100-AB37-A5DF96CABD8E}.Release|x64.Deploy.0 = Release|Any CPU
		{6059C1A8-7E6A-4100-AB37-A5DF96CABD8E}.Release|x86.ActiveCfg = Release|Any CPU
		{6059C1A8-7E6A-4100-AB37-A5DF96CABD8E}.Release|x86.Build.0 = Release|Any CPU
		{6059C1A8-7E6A-4100-AB37-A5DF96CABD8E}.Release|x86.Deploy.0 = Release|Any CPU
		{97DDA459-FDD6-4DCB-838A-3ADED26E93FC}.Ad-Hoc|Any CPU.ActiveCfg = Release|Any CPU
		{97DDA459-FDD6-4DCB-838A-3ADED26E93FC}.Ad-Hoc|Any CPU.Build.0 = Release|Any CPU
		{97DDA459-FDD6-4DCB-838A-3ADED26E93FC}.Ad-Hoc|ARM.ActiveCfg = Release|Any CPU
		{97DDA459-FDD6-4DCB-838A-3ADED26E93FC}.Ad-Hoc|ARM.Build.0 = Release|Any CPU
		{97DDA459-FDD6-4DCB-838A-3ADED26E93FC}.Ad-Hoc|iPhone.ActiveCfg = Release|Any CPU
		{97DDA459-FDD6-4DCB-838A-3ADED26E93FC}.Ad-Hoc|iPhone.Build.0 = Release|Any CPU
		{97DDA459-FDD6-4DCB-838A-3ADED26E93FC}.Ad-Hoc|iPhoneSimulator.ActiveCfg = Release|Any CPU
		{97DDA459-FDD6-4DCB-838A-3ADED26E93FC}.Ad-Hoc|iPhoneSimulator.Build.0 = Release|Any CPU
		{97DDA459-FDD6-4DCB-838A-3ADED26E93FC}.Ad-Hoc|x64.ActiveCfg = Release|Any CPU
		{97DDA459-FDD6-4DCB-838A-3ADED26E93FC}.Ad-Hoc|x64.Build.0 = Release|Any CPU
		{97DDA459-FDD6-4DCB-838A-3ADED26E93FC}.Ad-Hoc|x86.ActiveCfg = Release|Any CPU
		{97DDA459-FDD6-4DCB-838A-3ADED26E93FC}.Ad-Hoc|x86.Build.0 = Release|Any CPU
		{97DDA459-FDD6-4DCB-838A-3ADED26E93FC}.AppStore|Any CPU.ActiveCfg = Release|Any CPU
		{97DDA459-FDD6-4DCB-838A-3ADED26E93FC}.AppStore|Any CPU.Build.0 = Release|Any CPU
		{97DDA459-FDD6-4DCB-838A-3ADED26E93FC}.AppStore|ARM.ActiveCfg = Release|Any CPU
		{97DDA459-FDD6-4DCB-838A-3ADED26E93FC}.AppStore|ARM.Build.0 = Release|Any CPU
		{97DDA459-FDD6-4DCB-838A-3ADED26E93FC}.AppStore|iPhone.ActiveCfg = Release|Any CPU
		{97DDA459-FDD6-4DCB-838A-3ADED26E93FC}.AppStore|iPhone.Build.0 = Release|Any CPU
		{97DDA459-FDD6-4DCB-838A-3ADED26E93FC}.AppStore|iPhoneSimulator.ActiveCfg = Release|Any CPU
		{97DDA459-FDD6-4DCB-838A-3ADED26E93FC}.AppStore|iPhoneSimulator.Build.0 = Release|Any CPU
		{97DDA459-FDD6-4DCB-838A-3ADED26E93FC}.AppStore|x64.ActiveCfg = Release|Any CPU
		{97DDA459-FDD6-4DCB-838A-3ADED26E93FC}.AppStore|x64.Build.0 = Release|Any CPU
		{97DDA459-FDD6-4DCB-838A-3ADED26E93FC}.AppStore|x86.ActiveCfg = Release|Any CPU
		{97DDA459-FDD6-4DCB-838A-3ADED26E93FC}.AppStore|x86.Build.0 = Release|Any CPU
		{97DDA459-FDD6-4DCB-838A-3ADED26E93FC}.Debug|Any CPU.ActiveCfg = Debug|Any CPU
		{97DDA459-FDD6-4DCB-838A-3ADED26E93FC}.Debug|Any CPU.Build.0 = Debug|Any CPU
		{97DDA459-FDD6-4DCB-838A-3ADED26E93FC}.Debug|ARM.ActiveCfg = Debug|Any CPU
		{97DDA459-FDD6-4DCB-838A-3ADED26E93FC}.Debug|ARM.Build.0 = Debug|Any CPU
		{97DDA459-FDD6-4DCB-838A-3ADED26E93FC}.Debug|iPhone.ActiveCfg = Debug|Any CPU
		{97DDA459-FDD6-4DCB-838A-3ADED26E93FC}.Debug|iPhone.Build.0 = Debug|Any CPU
		{97DDA459-FDD6-4DCB-838A-3ADED26E93FC}.Debug|iPhoneSimulator.ActiveCfg = Debug|Any CPU
		{97DDA459-FDD6-4DCB-838A-3ADED26E93FC}.Debug|iPhoneSimulator.Build.0 = Debug|Any CPU
		{97DDA459-FDD6-4DCB-838A-3ADED26E93FC}.Debug|x64.ActiveCfg = Debug|Any CPU
		{97DDA459-FDD6-4DCB-838A-3ADED26E93FC}.Debug|x64.Build.0 = Debug|Any CPU
		{97DDA459-FDD6-4DCB-838A-3ADED26E93FC}.Debug|x86.ActiveCfg = Debug|Any CPU
		{97DDA459-FDD6-4DCB-838A-3ADED26E93FC}.Debug|x86.Build.0 = Debug|Any CPU
		{97DDA459-FDD6-4DCB-838A-3ADED26E93FC}.Release|Any CPU.ActiveCfg = Release|Any CPU
		{97DDA459-FDD6-4DCB-838A-3ADED26E93FC}.Release|Any CPU.Build.0 = Release|Any CPU
		{97DDA459-FDD6-4DCB-838A-3ADED26E93FC}.Release|ARM.ActiveCfg = Release|Any CPU
		{97DDA459-FDD6-4DCB-838A-3ADED26E93FC}.Release|ARM.Build.0 = Release|Any CPU
		{97DDA459-FDD6-4DCB-838A-3ADED26E93FC}.Release|iPhone.ActiveCfg = Release|Any CPU
		{97DDA459-FDD6-4DCB-838A-3ADED26E93FC}.Release|iPhone.Build.0 = Release|Any CPU
		{97DDA459-FDD6-4DCB-838A-3ADED26E93FC}.Release|iPhoneSimulator.ActiveCfg = Release|Any CPU
		{97DDA459-FDD6-4DCB-838A-3ADED26E93FC}.Release|iPhoneSimulator.Build.0 = Release|Any CPU
		{97DDA459-FDD6-4DCB-838A-3ADED26E93FC}.Release|x64.ActiveCfg = Release|Any CPU
		{97DDA459-FDD6-4DCB-838A-3ADED26E93FC}.Release|x64.Build.0 = Release|Any CPU
		{97DDA459-FDD6-4DCB-838A-3ADED26E93FC}.Release|x86.ActiveCfg = Release|Any CPU
		{97DDA459-FDD6-4DCB-838A-3ADED26E93FC}.Release|x86.Build.0 = Release|Any CPU
		{24F258F4-CDF6-47EF-B029-4073FABA18D2}.Ad-Hoc|Any CPU.ActiveCfg = Release|x86
		{24F258F4-CDF6-47EF-B029-4073FABA18D2}.Ad-Hoc|Any CPU.Build.0 = Release|x86
		{24F258F4-CDF6-47EF-B029-4073FABA18D2}.Ad-Hoc|Any CPU.Deploy.0 = Release|x86
		{24F258F4-CDF6-47EF-B029-4073FABA18D2}.Ad-Hoc|ARM.ActiveCfg = Release|ARM
		{24F258F4-CDF6-47EF-B029-4073FABA18D2}.Ad-Hoc|ARM.Build.0 = Release|ARM
		{24F258F4-CDF6-47EF-B029-4073FABA18D2}.Ad-Hoc|ARM.Deploy.0 = Release|ARM
		{24F258F4-CDF6-47EF-B029-4073FABA18D2}.Ad-Hoc|iPhone.ActiveCfg = Release|x86
		{24F258F4-CDF6-47EF-B029-4073FABA18D2}.Ad-Hoc|iPhone.Build.0 = Release|x86
		{24F258F4-CDF6-47EF-B029-4073FABA18D2}.Ad-Hoc|iPhone.Deploy.0 = Release|x86
		{24F258F4-CDF6-47EF-B029-4073FABA18D2}.Ad-Hoc|iPhoneSimulator.ActiveCfg = Release|x86
		{24F258F4-CDF6-47EF-B029-4073FABA18D2}.Ad-Hoc|iPhoneSimulator.Build.0 = Release|x86
		{24F258F4-CDF6-47EF-B029-4073FABA18D2}.Ad-Hoc|iPhoneSimulator.Deploy.0 = Release|x86
		{24F258F4-CDF6-47EF-B029-4073FABA18D2}.Ad-Hoc|x64.ActiveCfg = Release|x64
		{24F258F4-CDF6-47EF-B029-4073FABA18D2}.Ad-Hoc|x64.Build.0 = Release|x64
		{24F258F4-CDF6-47EF-B029-4073FABA18D2}.Ad-Hoc|x64.Deploy.0 = Release|x64
		{24F258F4-CDF6-47EF-B029-4073FABA18D2}.Ad-Hoc|x86.ActiveCfg = Release|x86
		{24F258F4-CDF6-47EF-B029-4073FABA18D2}.Ad-Hoc|x86.Build.0 = Release|x86
		{24F258F4-CDF6-47EF-B029-4073FABA18D2}.Ad-Hoc|x86.Deploy.0 = Release|x86
		{24F258F4-CDF6-47EF-B029-4073FABA18D2}.AppStore|Any CPU.ActiveCfg = Release|x86
		{24F258F4-CDF6-47EF-B029-4073FABA18D2}.AppStore|Any CPU.Build.0 = Release|x86
		{24F258F4-CDF6-47EF-B029-4073FABA18D2}.AppStore|Any CPU.Deploy.0 = Release|x86
		{24F258F4-CDF6-47EF-B029-4073FABA18D2}.AppStore|ARM.ActiveCfg = Release|ARM
		{24F258F4-CDF6-47EF-B029-4073FABA18D2}.AppStore|ARM.Build.0 = Release|ARM
		{24F258F4-CDF6-47EF-B029-4073FABA18D2}.AppStore|ARM.Deploy.0 = Release|ARM
		{24F258F4-CDF6-47EF-B029-4073FABA18D2}.AppStore|iPhone.ActiveCfg = Release|x86
		{24F258F4-CDF6-47EF-B029-4073FABA18D2}.AppStore|iPhone.Build.0 = Release|x86
		{24F258F4-CDF6-47EF-B029-4073FABA18D2}.AppStore|iPhone.Deploy.0 = Release|x86
		{24F258F4-CDF6-47EF-B029-4073FABA18D2}.AppStore|iPhoneSimulator.ActiveCfg = Release|x86
		{24F258F4-CDF6-47EF-B029-4073FABA18D2}.AppStore|iPhoneSimulator.Build.0 = Release|x86
		{24F258F4-CDF6-47EF-B029-4073FABA18D2}.AppStore|iPhoneSimulator.Deploy.0 = Release|x86
		{24F258F4-CDF6-47EF-B029-4073FABA18D2}.AppStore|x64.ActiveCfg = Release|x64
		{24F258F4-CDF6-47EF-B029-4073FABA18D2}.AppStore|x64.Build.0 = Release|x64
		{24F258F4-CDF6-47EF-B029-4073FABA18D2}.AppStore|x64.Deploy.0 = Release|x64
		{24F258F4-CDF6-47EF-B029-4073FABA18D2}.AppStore|x86.ActiveCfg = Release|x86
		{24F258F4-CDF6-47EF-B029-4073FABA18D2}.AppStore|x86.Build.0 = Release|x86
		{24F258F4-CDF6-47EF-B029-4073FABA18D2}.AppStore|x86.Deploy.0 = Release|x86
		{24F258F4-CDF6-47EF-B029-4073FABA18D2}.Debug|Any CPU.ActiveCfg = Debug|x86
		{24F258F4-CDF6-47EF-B029-4073FABA18D2}.Debug|ARM.ActiveCfg = Debug|ARM
		{24F258F4-CDF6-47EF-B029-4073FABA18D2}.Debug|ARM.Build.0 = Debug|ARM
		{24F258F4-CDF6-47EF-B029-4073FABA18D2}.Debug|ARM.Deploy.0 = Debug|ARM
		{24F258F4-CDF6-47EF-B029-4073FABA18D2}.Debug|iPhone.ActiveCfg = Debug|x86
		{24F258F4-CDF6-47EF-B029-4073FABA18D2}.Debug|iPhoneSimulator.ActiveCfg = Debug|x86
		{24F258F4-CDF6-47EF-B029-4073FABA18D2}.Debug|x64.ActiveCfg = Debug|x64
		{24F258F4-CDF6-47EF-B029-4073FABA18D2}.Debug|x64.Build.0 = Debug|x64
		{24F258F4-CDF6-47EF-B029-4073FABA18D2}.Debug|x64.Deploy.0 = Debug|x64
		{24F258F4-CDF6-47EF-B029-4073FABA18D2}.Debug|x86.ActiveCfg = Debug|x86
		{24F258F4-CDF6-47EF-B029-4073FABA18D2}.Debug|x86.Build.0 = Debug|x86
		{24F258F4-CDF6-47EF-B029-4073FABA18D2}.Debug|x86.Deploy.0 = Debug|x86
		{24F258F4-CDF6-47EF-B029-4073FABA18D2}.Release|Any CPU.ActiveCfg = Release|x86
		{24F258F4-CDF6-47EF-B029-4073FABA18D2}.Release|ARM.ActiveCfg = Release|ARM
		{24F258F4-CDF6-47EF-B029-4073FABA18D2}.Release|ARM.Build.0 = Release|ARM
		{24F258F4-CDF6-47EF-B029-4073FABA18D2}.Release|ARM.Deploy.0 = Release|ARM
		{24F258F4-CDF6-47EF-B029-4073FABA18D2}.Release|iPhone.ActiveCfg = Release|x86
		{24F258F4-CDF6-47EF-B029-4073FABA18D2}.Release|iPhoneSimulator.ActiveCfg = Release|x86
		{24F258F4-CDF6-47EF-B029-4073FABA18D2}.Release|x64.ActiveCfg = Release|x64
		{24F258F4-CDF6-47EF-B029-4073FABA18D2}.Release|x64.Build.0 = Release|x64
		{24F258F4-CDF6-47EF-B029-4073FABA18D2}.Release|x64.Deploy.0 = Release|x64
		{24F258F4-CDF6-47EF-B029-4073FABA18D2}.Release|x86.ActiveCfg = Release|x86
		{24F258F4-CDF6-47EF-B029-4073FABA18D2}.Release|x86.Build.0 = Release|x86
		{24F258F4-CDF6-47EF-B029-4073FABA18D2}.Release|x86.Deploy.0 = Release|x86
		{85B7BF1F-4C51-4BFC-86F2-02D21C53A055}.Ad-Hoc|Any CPU.ActiveCfg = Ad-Hoc|iPhoneSimulator
		{85B7BF1F-4C51-4BFC-86F2-02D21C53A055}.Ad-Hoc|ARM.ActiveCfg = Ad-Hoc|iPhone
		{85B7BF1F-4C51-4BFC-86F2-02D21C53A055}.Ad-Hoc|iPhone.ActiveCfg = Ad-Hoc|iPhone
		{85B7BF1F-4C51-4BFC-86F2-02D21C53A055}.Ad-Hoc|iPhone.Build.0 = Ad-Hoc|iPhone
		{85B7BF1F-4C51-4BFC-86F2-02D21C53A055}.Ad-Hoc|iPhoneSimulator.ActiveCfg = Ad-Hoc|iPhoneSimulator
		{85B7BF1F-4C51-4BFC-86F2-02D21C53A055}.Ad-Hoc|iPhoneSimulator.Build.0 = Ad-Hoc|iPhoneSimulator
		{85B7BF1F-4C51-4BFC-86F2-02D21C53A055}.Ad-Hoc|x64.ActiveCfg = Ad-Hoc|iPhone
		{85B7BF1F-4C51-4BFC-86F2-02D21C53A055}.Ad-Hoc|x86.ActiveCfg = Ad-Hoc|iPhone
		{85B7BF1F-4C51-4BFC-86F2-02D21C53A055}.AppStore|Any CPU.ActiveCfg = AppStore|iPhoneSimulator
		{85B7BF1F-4C51-4BFC-86F2-02D21C53A055}.AppStore|ARM.ActiveCfg = AppStore|iPhone
		{85B7BF1F-4C51-4BFC-86F2-02D21C53A055}.AppStore|iPhone.ActiveCfg = AppStore|iPhone
		{85B7BF1F-4C51-4BFC-86F2-02D21C53A055}.AppStore|iPhone.Build.0 = AppStore|iPhone
		{85B7BF1F-4C51-4BFC-86F2-02D21C53A055}.AppStore|iPhoneSimulator.ActiveCfg = AppStore|iPhoneSimulator
		{85B7BF1F-4C51-4BFC-86F2-02D21C53A055}.AppStore|iPhoneSimulator.Build.0 = AppStore|iPhoneSimulator
		{85B7BF1F-4C51-4BFC-86F2-02D21C53A055}.AppStore|x64.ActiveCfg = AppStore|iPhone
		{85B7BF1F-4C51-4BFC-86F2-02D21C53A055}.AppStore|x86.ActiveCfg = AppStore|iPhone
		{85B7BF1F-4C51-4BFC-86F2-02D21C53A055}.Debug|Any CPU.ActiveCfg = Debug|iPhoneSimulator
		{85B7BF1F-4C51-4BFC-86F2-02D21C53A055}.Debug|ARM.ActiveCfg = Debug|iPhone
		{85B7BF1F-4C51-4BFC-86F2-02D21C53A055}.Debug|iPhone.ActiveCfg = Debug|iPhone
		{85B7BF1F-4C51-4BFC-86F2-02D21C53A055}.Debug|iPhone.Build.0 = Debug|iPhone
		{85B7BF1F-4C51-4BFC-86F2-02D21C53A055}.Debug|iPhoneSimulator.ActiveCfg = Debug|iPhoneSimulator
		{85B7BF1F-4C51-4BFC-86F2-02D21C53A055}.Debug|iPhoneSimulator.Build.0 = Debug|iPhoneSimulator
		{85B7BF1F-4C51-4BFC-86F2-02D21C53A055}.Debug|x64.ActiveCfg = Debug|iPhone
		{85B7BF1F-4C51-4BFC-86F2-02D21C53A055}.Debug|x86.ActiveCfg = Debug|iPhone
		{85B7BF1F-4C51-4BFC-86F2-02D21C53A055}.Release|Any CPU.ActiveCfg = Release|iPhoneSimulator
		{85B7BF1F-4C51-4BFC-86F2-02D21C53A055}.Release|ARM.ActiveCfg = Release|iPhone
		{85B7BF1F-4C51-4BFC-86F2-02D21C53A055}.Release|iPhone.ActiveCfg = Release|iPhone
		{85B7BF1F-4C51-4BFC-86F2-02D21C53A055}.Release|iPhone.Build.0 = Release|iPhone
		{85B7BF1F-4C51-4BFC-86F2-02D21C53A055}.Release|iPhoneSimulator.ActiveCfg = Release|iPhoneSimulator
		{85B7BF1F-4C51-4BFC-86F2-02D21C53A055}.Release|iPhoneSimulator.Build.0 = Release|iPhoneSimulator
		{85B7BF1F-4C51-4BFC-86F2-02D21C53A055}.Release|x64.ActiveCfg = Release|iPhone
		{85B7BF1F-4C51-4BFC-86F2-02D21C53A055}.Release|x86.ActiveCfg = Release|iPhone
	EndGlobalSection
	GlobalSection(SolutionProperties) = preSolution
		HideSolutionNode = FALSE
	EndGlobalSection
	GlobalSection(ExtensibilityGlobals) = postSolution
		SolutionGuid = {009A776B-332F-472B-93D0-47409A54B26F}
	EndGlobalSection
EndGlobal
